
Microsoft Visual Studio Solution File, Format Version 12.00
# Visual Studio 15
VisualStudioVersion = 15.0.27130.2036
MinimumVisualStudioVersion = 10.0.40219.1
Project("{FAE04EC0-301F-11D3-BF4B-00C04F79EFBC}") = "ServerHost", "ServerHost\ServerHost.csproj", "{1B32E91C-059A-4FB2-B7AC-C931A767DEA9}"
EndProject
Global
	GlobalSection(SolutionConfigurationPlatforms) = preSolution
		Debug|Any CPU = Debug|Any CPU
		Release|Any CPU = Release|Any CPU
	EndGlobalSection
	GlobalSection(ProjectConfigurationPlatforms) = postSolution
		{1B32E91C-059A-4FB2-B7AC-C931A767DEA9}.Debug|Any CPU.ActiveCfg = Debug|Any CPU
		{1B32E91C-059A-4FB2-B7AC-C931A767DEA9}.Debug|Any CPU.Build.0 = Debug|Any CPU
		{1B32E91C-059A-4FB2-B7AC-C931A767DEA9}.Release|Any CPU.ActiveCfg = Release|Any CPU
		{1B32E91C-059A-4FB2-B7AC-C931A767DEA9}.Release|Any CPU.Build.0 = Release|Any CPU
	EndGlobalSection
	GlobalSection(SolutionProperties) = preSolution
		HideSolutionNode = FALSE
	EndGlobalSection
	GlobalSection(ExtensibilityGlobals) = postSolution
		SolutionGuid = {D168512B-776C-47E9-9722-D77A19EDA555}
	EndGlobalSection
EndGlobal
